Microsoft Visual Studio Solution File, Format Version 12.00
# Visual Studio Version 17
VisualStudioVersion = 17.5.2.0
MinimumVisualStudioVersion = 10.0.40219.1
Project("{FAE04EC0-301F-11D3-BF4B-00C04F79EFBC}") = "database", "db\database.csproj", "{96B493CF-6FED-82EC-1816-82CCF01BDA9C}"
EndProject
Global
	GlobalSection(SolutionConfigurationPlatforms) = preSolution
		Debug|Any CPU = Debug|Any CPU
		Release|Any CPU = Release|Any CPU
	EndGlobalSection
	GlobalSection(ProjectConfigurationPlatforms) = postSolution
		{96B493CF-6FED-82EC-1816-82CCF01BDA9C}.Debug|Any CPU.ActiveCfg = Debug|Any CPU
		{96B493CF-6FED-82EC-1816-82CCF01BDA9C}.Debug|Any CPU.Build.0 = Debug|Any CPU
		{96B493CF-6FED-82EC-1816-82CCF01BDA9C}.Release|Any CPU.ActiveCfg = Release|Any CPU
		{96B493CF-6FED-82EC-1816-82CCF01BDA9C}.Release|Any CPU.Build.0 = Release|Any CPU
	EndGlobalSection
	GlobalSection(SolutionProperties) = preSolution
		HideSolutionNode = FALSE
	EndGlobalSection
	GlobalSection(ExtensibilityGlobals) = postSolution
		SolutionGuid = {077E2851-0266-49D9-96A9-15EDBCA97C4F}
	EndGlobalSection
EndGlobal
